
Microsoft Visual Studio Solution File, Format Version 12.00
# Visual Studio 2013
VisualStudioVersion = 12.0.31101.0
MinimumVisualStudioVersion = 10.0.40219.1
Project("{2150E333-8FDC-42A3-9474-1A3956D46DE8}") = "Engine", "Engine", "{4BBB611A-1E87-4D8A-A822-53CF1F2CDA95}"
EndProject
Project("{2150E333-8FDC-42A3-9474-1A3956D46DE8}") = "Games", "Games", "{1E15ECED-ED37-4DB2-BC05-81C9BA14FC35}"
EndProject
Project("{8BC9CEB8-8B4A-11D0-8D11-00A0C91BC942}") = "OceanDemo", "Intermediate\ProjectFiles\OceanDemo.vcxproj", "{45B4405B-1439-48DE-9F49-17DF9BC4C746}"
EndProject
Project("{8BC9CEB8-8B4A-11D0-8D11-00A0C91BC942}") = "UE4", "Intermediate\ProjectFiles\UE4.vcxproj", "{A1F40C53-D50C-4BD4-AFCA-389CF5751D22}"
EndProject
Global
	GlobalSection(SolutionConfigurationPlatforms) = preSolution
		DebugGame Editor|Windows = DebugGame Editor|Windows
		DebugGame|Windows = DebugGame|Windows
		Development Editor|Windows = Development Editor|Windows
		Development|Windows = Development|Windows
		Shipping|Windows = Shipping|Windows
	EndGlobalSection
	GlobalSection(ProjectConfigurationPlatforms) = postSolution
		{45B4405B-1439-48DE-9F49-17DF9BC4C746}.DebugGame Editor|Windows.ActiveCfg = DebugGame_Editor|x64
		{45B4405B-1439-48DE-9F49-17DF9BC4C746}.DebugGame Editor|Windows.Build.0 = DebugGame_Editor|x64
		{45B4405B-1439-48DE-9F49-17DF9BC4C746}.DebugGame|Windows.ActiveCfg = DebugGame_Game|x64
		{45B4405B-1439-48DE-9F49-17DF9BC4C746}.DebugGame|Windows.Build.0 = DebugGame_Game|x64
		{45B4405B-1439-48DE-9F49-17DF9BC4C746}.Development Editor|Windows.ActiveCfg = Development_Editor|x64
		{45B4405B-1439-48DE-9F49-17DF9BC4C746}.Development Editor|Windows.Build.0 = Development_Editor|x64
		{45B4405B-1439-48DE-9F49-17DF9BC4C746}.Development|Windows.ActiveCfg = Development_Game|x64
		{45B4405B-1439-48DE-9F49-17DF9BC4C746}.Development|Windows.Build.0 = Development_Game|x64
		{45B4405B-1439-48DE-9F49-17DF9BC4C746}.Shipping|Windows.ActiveCfg = Shipping_Game|Win32
		{45B4405B-1439-48DE-9F49-17DF9BC4C746}.Shipping|Windows.Build.0 = Shipping_Game|Win32
		{A1F40C53-D50C-4BD4-AFCA-389CF5751D22}.DebugGame Editor|Windows.ActiveCfg = BuiltWithUnrealBuildTool|Win32
		{A1F40C53-D50C-4BD4-AFCA-389CF5751D22}.DebugGame|Windows.ActiveCfg = BuiltWithUnrealBuildTool|Win32
		{A1F40C53-D50C-4BD4-AFCA-389CF5751D22}.Development Editor|Windows.ActiveCfg = BuiltWithUnrealBuildTool|Win32
		{A1F40C53-D50C-4BD4-AFCA-389CF5751D22}.Development|Windows.ActiveCfg = BuiltWithUnrealBuildTool|Win32
		{A1F40C53-D50C-4BD4-AFCA-389CF5751D22}.Shipping|Windows.ActiveCfg = BuiltWithUnrealBuildTool|Win32
	EndGlobalSection
	GlobalSection(SolutionProperties) = preSolution
		HideSolutionNode = FALSE
	EndGlobalSection
	GlobalSection(NestedProjects) = preSolution
		{45B4405B-1439-48DE-9F49-17DF9BC4C746} = {1E15ECED-ED37-4DB2-BC05-81C9BA14FC35}
		{A1F40C53-D50C-4BD4-AFCA-389CF5751D22} = {4BBB611A-1E87-4D8A-A822-53CF1F2CDA95}
	EndGlobalSection
EndGlobal
